
Microsoft Visual Studio Solution File, Format Version 12.00
Project("{FAE04EC0-301F-11D3-BF4B-00C04F79EFBC}") = "Job.Scheduler", "Job.Scheduler\Job.Scheduler.csproj", "{8C1B3F75-D170-4727-9CFD-000BACFDBA83}"
EndProject
Project("{FAE04EC0-301F-11D3-BF4B-00C04F79EFBC}") = "Job.Scheduler.Tests", "Job.Scheduler.Tests\Job.Scheduler.Tests.csproj", "{459E1A79-D974-4506-BFEB-7A29BC9A350B}"
EndProject
Global
	GlobalSection(SolutionConfigurationPlatforms) = preSolution
		Debug|Any CPU = Debug|Any CPU
		Release|Any CPU = Release|Any CPU
	EndGlobalSection
	GlobalSection(ProjectConfigurationPlatforms) = postSolution
		{8C1B3F75-D170-4727-9CFD-000BACFDBA83}.Debug|Any CPU.ActiveCfg = Debug|Any CPU
		{8C1B3F75-D170-4727-9CFD-000BACFDBA83}.Debug|Any CPU.Build.0 = Debug|Any CPU
		{8C1B3F75-D170-4727-9CFD-000BACFDBA83}.Release|Any CPU.ActiveCfg = Release|Any CPU
		{8C1B3F75-D170-4727-9CFD-000BACFDBA83}.Release|Any CPU.Build.0 = Release|Any CPU
		{459E1A79-D974-4506-BFEB-7A29BC9A350B}.Debug|Any CPU.ActiveCfg = Debug|Any CPU
		{459E1A79-D974-4506-BFEB-7A29BC9A350B}.Debug|Any CPU.Build.0 = Debug|Any CPU
		{459E1A79-D974-4506-BFEB-7A29BC9A350B}.Release|Any CPU.ActiveCfg = Release|Any CPU
		{459E1A79-D974-4506-BFEB-7A29BC9A350B}.Release|Any CPU.Build.0 = Release|Any CPU
	EndGlobalSection
EndGlobal
